// !$*UTF8*$!
{
	archiveVersion = 1;
	classes = {
	};
	objectVersion = 52;
	objects = {

/* Begin PBXBuildFile section */
		3943DD23257F698B00A5737D /* CardViewModel.swift in Sources */ = {isa = PBXBuildFile; fileRef = 3943DD22257F698B00A5737D /* CardViewModel.swift */; };
		3943DD29257F7B0300A5737D /* CardPaginatable.swift in Sources */ = {isa = PBXBuildFile; fileRef = 3943DD28257F7B0300A5737D /* CardPaginatable.swift */; };
		3943DD2D257F7BAD00A5737D /* CardDisplayable.swift in Sources */ = {isa = PBXBuildFile; fileRef = 3943DD2C257F7BAD00A5737D /* CardDisplayable.swift */; };
		3943DD30257F7C4900A5737D /* DataState.swift in Sources */ = {isa = PBXBuildFile; fileRef = 3943DD2F257F7C4900A5737D /* DataState.swift */; };
		3943DD34257F7C9E00A5737D /* CardListRepository.swift in Sources */ = {isa = PBXBuildFile; fileRef = 3943DD33257F7C9E00A5737D /* CardListRepository.swift */; };
		3943DD49257F8A8900A5737D /* CardListView.swift in Sources */ = {isa = PBXBuildFile; fileRef = 3943DD48257F8A8900A5737D /* CardListView.swift */; };
		3943DD4D257F8E5700A5737D /* Kingfisher in Frameworks */ = {isa = PBXBuildFile; productRef = 3943DD4C257F8E5700A5737D /* Kingfisher */; };
		3943DD4F257F8E5700A5737D /* KingfisherSwiftUI in Frameworks */ = {isa = PBXBuildFile; productRef = 3943DD4E257F8E5700A5737D /* KingfisherSwiftUI */; };
		3943DD52257F8EC100A5737D /* LoadingView.swift in Sources */ = {isa = PBXBuildFile; fileRef = 3943DD51257F8EC100A5737D /* LoadingView.swift */; };
		3943DD55257F8F0700A5737D /* ActivityIndicator.swift in Sources */ = {isa = PBXBuildFile; fileRef = 3943DD54257F8F0700A5737D /* ActivityIndicator.swift */; };
		3943DD58257F8FD800A5737D /* NoResultsView.swift in Sources */ = {isa = PBXBuildFile; fileRef = 3943DD57257F8FD800A5737D /* NoResultsView.swift */; };
		3943DD5C257FB77F00A5737D /* ReloadView.swift in Sources */ = {isa = PBXBuildFile; fileRef = 3943DD5B257FB77F00A5737D /* ReloadView.swift */; };
		3943DD5F257FB9E900A5737D /* MainButtonView.swift in Sources */ = {isa = PBXBuildFile; fileRef = 3943DD5E257FB9E900A5737D /* MainButtonView.swift */; };
		3943DD62257FC37300A5737D /* DataManager.swift in Sources */ = {isa = PBXBuildFile; fileRef = 3943DD61257FC37300A5737D /* DataManager.swift */; };
		3943DD66257FC7A300A5737D /* GraphQLAPI.swift in Sources */ = {isa = PBXBuildFile; fileRef = 3943DD65257FC7A300A5737D /* GraphQLAPI.swift */; };
		3943DD69257FCBE300A5737D /* KardsEnvironment.swift in Sources */ = {isa = PBXBuildFile; fileRef = 3943DD68257FCBE300A5737D /* KardsEnvironment.swift */; };
		398E7481258366D900D9B058 /* ClosableView.swift in Sources */ = {isa = PBXBuildFile; fileRef = 398E7480258366D900D9B058 /* ClosableView.swift */; };
		3995600D25793821008D9C32 /* AppDelegate.swift in Sources */ = {isa = PBXBuildFile; fileRef = 3995600C25793821008D9C32 /* AppDelegate.swift */; };
		3995600F25793821008D9C32 /* SceneDelegate.swift in Sources */ = {isa = PBXBuildFile; fileRef = 3995600E25793821008D9C32 /* SceneDelegate.swift */; };
		3995601125793821008D9C32 /* ContentView.swift in Sources */ = {isa = PBXBuildFile; fileRef = 3995601025793821008D9C32 /* ContentView.swift */; };
		3995601325793823008D9C32 /* Assets.xcassets in Resources */ = {isa = PBXBuildFile; fileRef = 3995601225793823008D9C32 /* Assets.xcassets */; };
		3995601625793823008D9C32 /* Preview Assets.xcassets in Resources */ = {isa = PBXBuildFile; fileRef = 3995601525793823008D9C32 /* Preview Assets.xcassets */; };
		3995601925793823008D9C32 /* LaunchScreen.storyboard in Resources */ = {isa = PBXBuildFile; fileRef = 3995601725793823008D9C32 /* LaunchScreen.storyboard */; };
		39A9647F258217790023E5A4 /* DeckListView.swift in Sources */ = {isa = PBXBuildFile; fileRef = 39A9647E258217790023E5A4 /* DeckListView.swift */; };
		39A9648325821CEB0023E5A4 /* DeckPaginatable.swift in Sources */ = {isa = PBXBuildFile; fileRef = 39A9648225821CEB0023E5A4 /* DeckPaginatable.swift */; };
		39A9648625821D0E0023E5A4 /* DeckDisplayable.swift in Sources */ = {isa = PBXBuildFile; fileRef = 39A9648525821D0E0023E5A4 /* DeckDisplayable.swift */; };
		39A9648925821E960023E5A4 /* DeckListRepository.swift in Sources */ = {isa = PBXBuildFile; fileRef = 39A9648825821E960023E5A4 /* DeckListRepository.swift */; };
		39A9648C25821EE30023E5A4 /* DeckListService.swift in Sources */ = {isa = PBXBuildFile; fileRef = 39A9648B25821EE30023E5A4 /* DeckListService.swift */; };
		39A9648F25821FD80023E5A4 /* DeckViewModel.swift in Sources */ = {isa = PBXBuildFile; fileRef = 39A9648E25821FD80023E5A4 /* DeckViewModel.swift */; };
		39A964962582280C0023E5A4 /* DeckItemView.swift in Sources */ = {isa = PBXBuildFile; fileRef = 39A964952582280C0023E5A4 /* DeckItemView.swift */; };
		39A9649A258259EE0023E5A4 /* Nation.swift in Sources */ = {isa = PBXBuildFile; fileRef = 39A96499258259EE0023E5A4 /* Nation.swift */; };
		39A9649E2582617B0023E5A4 /* Date+Extensions.swift in Sources */ = {isa = PBXBuildFile; fileRef = 39A9649D2582617B0023E5A4 /* Date+Extensions.swift */; };
		39A964A1258267820023E5A4 /* DeckDetailsView.swift in Sources */ = {isa = PBXBuildFile; fileRef = 39A964A0258267820023E5A4 /* DeckDetailsView.swift */; };
		39BBCBFF2580C17B00244A2F /* LoadMoreView.swift in Sources */ = {isa = PBXBuildFile; fileRef = 39BBCBFE2580C17B00244A2F /* LoadMoreView.swift */; };
		39BBCC022580D0E400244A2F /* CardDetailsView.swift in Sources */ = {isa = PBXBuildFile; fileRef = 39BBCC012580D0E400244A2F /* CardDetailsView.swift */; };
		39BBCC082580D5CF00244A2F /* CardImageView.swift in Sources */ = {isa = PBXBuildFile; fileRef = 39BBCC072580D5CF00244A2F /* CardImageView.swift */; };
		39BBCC0C2581044400244A2F /* BackgroundView.swift in Sources */ = {isa = PBXBuildFile; fileRef = 39BBCC0B2581044400244A2F /* BackgroundView.swift */; };
		39BBCC13258111AB00244A2F /* CloseView.swift in Sources */ = {isa = PBXBuildFile; fileRef = 39BBCC12258111AB00244A2F /* CloseView.swift */; };
		39F5C48A257E65A40063ED76 /* KardsAPI.swift in Sources */ = {isa = PBXBuildFile; fileRef = 39F5C489257E65A40063ED76 /* KardsAPI.swift */; };
		39F5C48F257E676D0063ED76 /* Apollo in Frameworks */ = {isa = PBXBuildFile; productRef = 39F5C48E257E676D0063ED76 /* Apollo */; };
		39F5C493257E6A360063ED76 /* Service.swift in Sources */ = {isa = PBXBuildFile; fileRef = 39F5C492257E6A360063ED76 /* Service.swift */; };
		39F5C496257E6AB30063ED76 /* CardListService.swift in Sources */ = {isa = PBXBuildFile; fileRef = 39F5C495257E6AB30063ED76 /* CardListService.swift */; };
		39FEB0C9257A2A1200204332 /* NewsListView.swift in Sources */ = {isa = PBXBuildFile; fileRef = 39FEB0C8257A2A1200204332 /* NewsListView.swift */; };
		39FEB0CE257A2A3600204332 /* CardsCollectionView.swift in Sources */ = {isa = PBXBuildFile; fileRef = 39FEB0CD257A2A3600204332 /* CardsCollectionView.swift */; };
		39FEB0D9257A2CCE00204332 /* TabNavView.swift in Sources */ = {isa = PBXBuildFile; fileRef = 39FEB0D8257A2CCE00204332 /* TabNavView.swift */; };
		39FEB0DD257A2DC500204332 /* TabViewModel.swift in Sources */ = {isa = PBXBuildFile; fileRef = 39FEB0DC257A2DC500204332 /* TabViewModel.swift */; };
		39FEB0E1257A2ED100204332 /* Constants.swift in Sources */ = {isa = PBXBuildFile; fileRef = 39FEB0E0257A2ED100204332 /* Constants.swift */; };
		39FEB0E7257A340B00204332 /* SnackbarView.swift in Sources */ = {isa = PBXBuildFile; fileRef = 39FEB0E6257A340B00204332 /* SnackbarView.swift */; };
		39FEB0EC257A3A4500204332 /* Color+Extensions.swift in Sources */ = {isa = PBXBuildFile; fileRef = 39FEB0EB257A3A4500204332 /* Color+Extensions.swift */; };
		39FEB0F0257A3A5A00204332 /* Image+Extensions.swift in Sources */ = {isa = PBXBuildFile; fileRef = 39FEB0EF257A3A5A00204332 /* Image+Extensions.swift */; };
		39FEB0F3257A3C5000204332 /* Font+Extensions.swift in Sources */ = {isa = PBXBuildFile; fileRef = 39FEB0F2257A3C5000204332 /* Font+Extensions.swift */; };
		39FEB0FD257A3D2A00204332 /* Oswald-Regular.ttf in Resources */ = {isa = PBXBuildFile; fileRef = 39FEB0F7257A3D2900204332 /* Oswald-Regular.ttf */; };
		39FEB0FE257A3D2A00204332 /* Oswald-SemiBold.ttf in Resources */ = {isa = PBXBuildFile; fileRef = 39FEB0F8257A3D2A00204332 /* Oswald-SemiBold.ttf */; };
		39FEB0FF257A3D2A00204332 /* Oswald-ExtraLight.ttf in Resources */ = {isa = PBXBuildFile; fileRef = 39FEB0F9257A3D2A00204332 /* Oswald-ExtraLight.ttf */; };
		39FEB100257A3D2A00204332 /* Oswald-Medium.ttf in Resources */ = {isa = PBXBuildFile; fileRef = 39FEB0FA257A3D2A00204332 /* Oswald-Medium.ttf */; };
		39FEB101257A3D2A00204332 /* Oswald-Light.ttf in Resources */ = {isa = PBXBuildFile; fileRef = 39FEB0FB257A3D2A00204332 /* Oswald-Light.ttf */; };
		39FEB102257A3D2A00204332 /* Oswald-Bold.ttf in Resources */ = {isa = PBXBuildFile; fileRef = 39FEB0FC257A3D2A00204332 /* Oswald-Bold.ttf */; };
		39FEB107257A3FB900204332 /* MessageBarView.swift in Sources */ = {isa = PBXBuildFile; fileRef = 39FEB106257A3FB900204332 /* MessageBarView.swift */; };
		39FEB10C257A400E00204332 /* MessageBus.swift in Sources */ = {isa = PBXBuildFile; fileRef = 39FEB10B257A400E00204332 /* MessageBus.swift */; };
		39FEB10F257A42C700204332 /* PortraitHostingController.swift in Sources */ = {isa = PBXBuildFile; fileRef = 39FEB10E257A42C700204332 /* PortraitHostingController.swift */; };
		39FEB115257A47AD00204332 /* UIFont+Extensions.swift in Sources */ = {isa = PBXBuildFile; fileRef = 39FEB114257A47AD00204332 /* UIFont+Extensions.swift */; };
		39FEB118257A48E800204332 /* UIColor+Extensions.swift in Sources */ = {isa = PBXBuildFile; fileRef = 39FEB117257A48E800204332 /* UIColor+Extensions.swift */; };
/* End PBXBuildFile section */

/* Begin PBXFileReference section */
		3943DD22257F698B00A5737D /* CardViewModel.swift */ = {isa = PBXFileReference; lastKnownFileType = sourcecode.swift; path = CardViewModel.swift; sourceTree = "<group>"; };
		3943DD28257F7B0300A5737D /* CardPaginatable.swift */ = {isa = PBXFileReference; lastKnownFileType = sourcecode.swift; path = CardPaginatable.swift; sourceTree = "<group>"; };
		3943DD2C257F7BAD00A5737D /* CardDisplayable.swift */ = {isa = PBXFileReference; lastKnownFileType = sourcecode.swift; path = CardDisplayable.swift; sourceTree = "<group>"; };
		3943DD2F257F7C4900A5737D /* DataState.swift */ = {isa = PBXFileReference; lastKnownFileType = sourcecode.swift; path = DataState.swift; sourceTree = "<group>"; };
		3943DD33257F7C9E00A5737D /* CardListRepository.swift */ = {isa = PBXFileReference; lastKnownFileType = sourcecode.swift; path = CardListRepository.swift; sourceTree = "<group>"; };
		3943DD48257F8A8900A5737D /* CardListView.swift */ = {isa = PBXFileReference; lastKnownFileType = sourcecode.swift; path = CardListView.swift; sourceTree = "<group>"; };
		3943DD51257F8EC100A5737D /* LoadingView.swift */ = {isa = PBXFileReference; lastKnownFileType = sourcecode.swift; path = LoadingView.swift; sourceTree = "<group>"; };
		3943DD54257F8F0700A5737D /* ActivityIndicator.swift */ = {isa = PBXFileReference; lastKnownFileType = sourcecode.swift; path = ActivityIndicator.swift; sourceTree = "<group>"; };
		3943DD57257F8FD800A5737D /* NoResultsView.swift */ = {isa = PBXFileReference; lastKnownFileType = sourcecode.swift; path = NoResultsView.swift; sourceTree = "<group>"; };
		3943DD5B257FB77F00A5737D /* ReloadView.swift */ = {isa = PBXFileReference; lastKnownFileType = sourcecode.swift; path = ReloadView.swift; sourceTree = "<group>"; };
		3943DD5E257FB9E900A5737D /* MainButtonView.swift */ = {isa = PBXFileReference; lastKnownFileType = sourcecode.swift; path = MainButtonView.swift; sourceTree = "<group>"; };
		3943DD61257FC37300A5737D /* DataManager.swift */ = {isa = PBXFileReference; lastKnownFileType = sourcecode.swift; path = DataManager.swift; sourceTree = "<group>"; };
		3943DD65257FC7A300A5737D /* GraphQLAPI.swift */ = {isa = PBXFileReference; lastKnownFileType = sourcecode.swift; path = GraphQLAPI.swift; sourceTree = "<group>"; };
		3943DD68257FCBE300A5737D /* KardsEnvironment.swift */ = {isa = PBXFileReference; lastKnownFileType = sourcecode.swift; path = KardsEnvironment.swift; sourceTree = "<group>"; };
		398E7480258366D900D9B058 /* ClosableView.swift */ = {isa = PBXFileReference; lastKnownFileType = sourcecode.swift; path = ClosableView.swift; sourceTree = "<group>"; };
		3995600925793821008D9C32 /* Kards-iOS.app */ = {isa = PBXFileReference; explicitFileType = wrapper.application; includeInIndex = 0; path = "Kards-iOS.app"; sourceTree = BUILT_PRODUCTS_DIR; };
		3995600C25793821008D9C32 /* AppDelegate.swift */ = {isa = PBXFileReference; lastKnownFileType = sourcecode.swift; path = AppDelegate.swift; sourceTree = "<group>"; };
		3995600E25793821008D9C32 /* SceneDelegate.swift */ = {isa = PBXFileReference; lastKnownFileType = sourcecode.swift; path = SceneDelegate.swift; sourceTree = "<group>"; };
		3995601025793821008D9C32 /* ContentView.swift */ = {isa = PBXFileReference; lastKnownFileType = sourcecode.swift; path = ContentView.swift; sourceTree = "<group>"; };
		3995601225793823008D9C32 /* Assets.xcassets */ = {isa = PBXFileReference; lastKnownFileType = folder.assetcatalog; path = Assets.xcassets; sourceTree = "<group>"; };
		3995601525793823008D9C32 /* Preview Assets.xcassets */ = {isa = PBXFileReference; lastKnownFileType = folder.assetcatalog; path = "Preview Assets.xcassets"; sourceTree = "<group>"; };
		3995601825793823008D9C32 /* Base */ = {isa = PBXFileReference; lastKnownFileType = file.storyboard; name = Base; path = Base.lproj/LaunchScreen.storyboard; sourceTree = "<group>"; };
		3995601A25793823008D9C32 /* Info.plist */ = {isa = PBXFileReference; lastKnownFileType = text.plist.xml; path = Info.plist; sourceTree = "<group>"; };
		39A9647E258217790023E5A4 /* DeckListView.swift */ = {isa = PBXFileReference; lastKnownFileType = sourcecode.swift; path = DeckListView.swift; sourceTree = "<group>"; };
		39A9648225821CEB0023E5A4 /* DeckPaginatable.swift */ = {isa = PBXFileReference; lastKnownFileType = sourcecode.swift; path = DeckPaginatable.swift; sourceTree = "<group>"; };
		39A9648525821D0E0023E5A4 /* DeckDisplayable.swift */ = {isa = PBXFileReference; lastKnownFileType = sourcecode.swift; path = DeckDisplayable.swift; sourceTree = "<group>"; };
		39A9648825821E960023E5A4 /* DeckListRepository.swift */ = {isa = PBXFileReference; lastKnownFileType = sourcecode.swift; path = DeckListRepository.swift; sourceTree = "<group>"; };
		39A9648B25821EE30023E5A4 /* DeckListService.swift */ = {isa = PBXFileReference; lastKnownFileType = sourcecode.swift; path = DeckListService.swift; sourceTree = "<group>"; };
		39A9648E25821FD80023E5A4 /* DeckViewModel.swift */ = {isa = PBXFileReference; lastKnownFileType = sourcecode.swift; path = DeckViewModel.swift; sourceTree = "<group>"; };
		39A964952582280C0023E5A4 /* DeckItemView.swift */ = {isa = PBXFileReference; lastKnownFileType = sourcecode.swift; path = DeckItemView.swift; sourceTree = "<group>"; };
		39A96499258259EE0023E5A4 /* Nation.swift */ = {isa = PBXFileReference; lastKnownFileType = sourcecode.swift; path = Nation.swift; sourceTree = "<group>"; };
		39A9649D2582617B0023E5A4 /* Date+Extensions.swift */ = {isa = PBXFileReference; lastKnownFileType = sourcecode.swift; path = "Date+Extensions.swift"; sourceTree = "<group>"; };
		39A964A0258267820023E5A4 /* DeckDetailsView.swift */ = {isa = PBXFileReference; lastKnownFileType = sourcecode.swift; path = DeckDetailsView.swift; sourceTree = "<group>"; };
		39BBCBFE2580C17B00244A2F /* LoadMoreView.swift */ = {isa = PBXFileReference; lastKnownFileType = sourcecode.swift; path = LoadMoreView.swift; sourceTree = "<group>"; };
		39BBCC012580D0E400244A2F /* CardDetailsView.swift */ = {isa = PBXFileReference; lastKnownFileType = sourcecode.swift; path = CardDetailsView.swift; sourceTree = "<group>"; };
		39BBCC072580D5CF00244A2F /* CardImageView.swift */ = {isa = PBXFileReference; lastKnownFileType = sourcecode.swift; path = CardImageView.swift; sourceTree = "<group>"; };
		39BBCC0B2581044400244A2F /* BackgroundView.swift */ = {isa = PBXFileReference; lastKnownFileType = sourcecode.swift; path = BackgroundView.swift; sourceTree = "<group>"; };
		39BBCC12258111AB00244A2F /* CloseView.swift */ = {isa = PBXFileReference; lastKnownFileType = sourcecode.swift; path = CloseView.swift; sourceTree = "<group>"; };
		39F5C489257E65A40063ED76 /* KardsAPI.swift */ = {isa = PBXFileReference; lastKnownFileType = sourcecode.swift; path = KardsAPI.swift; sourceTree = "<group>"; };
		39F5C492257E6A360063ED76 /* Service.swift */ = {isa = PBXFileReference; lastKnownFileType = sourcecode.swift; path = Service.swift; sourceTree = "<group>"; };
		39F5C495257E6AB30063ED76 /* CardListService.swift */ = {isa = PBXFileReference; lastKnownFileType = sourcecode.swift; path = CardListService.swift; sourceTree = "<group>"; };
		39FEB0C8257A2A1200204332 /* NewsListView.swift */ = {isa = PBXFileReference; lastKnownFileType = sourcecode.swift; path = NewsListView.swift; sourceTree = "<group>"; };
		39FEB0CD257A2A3600204332 /* CardsCollectionView.swift */ = {isa = PBXFileReference; lastKnownFileType = sourcecode.swift; path = CardsCollectionView.swift; sourceTree = "<group>"; };
		39FEB0D8257A2CCE00204332 /* TabNavView.swift */ = {isa = PBXFileReference; lastKnownFileType = sourcecode.swift; path = TabNavView.swift; sourceTree = "<group>"; };
		39FEB0DC257A2DC500204332 /* TabViewModel.swift */ = {isa = PBXFileReference; lastKnownFileType = sourcecode.swift; path = TabViewModel.swift; sourceTree = "<group>"; };
		39FEB0E0257A2ED100204332 /* Constants.swift */ = {isa = PBXFileReference; lastKnownFileType = sourcecode.swift; path = Constants.swift; sourceTree = "<group>"; };
		39FEB0E6257A340B00204332 /* SnackbarView.swift */ = {isa = PBXFileReference; lastKnownFileType = sourcecode.swift; path = SnackbarView.swift; sourceTree = "<group>"; };
		39FEB0EB257A3A4500204332 /* Color+Extensions.swift */ = {isa = PBXFileReference; lastKnownFileType = sourcecode.swift; path = "Color+Extensions.swift"; sourceTree = "<group>"; };
		39FEB0EF257A3A5A00204332 /* Image+Extensions.swift */ = {isa = PBXFileReference; lastKnownFileType = sourcecode.swift; path = "Image+Extensions.swift"; sourceTree = "<group>"; };
		39FEB0F2257A3C5000204332 /* Font+Extensions.swift */ = {isa = PBXFileReference; lastKnownFileType = sourcecode.swift; path = "Font+Extensions.swift"; sourceTree = "<group>"; };
		39FEB0F7257A3D2900204332 /* Oswald-Regular.ttf */ = {isa = PBXFileReference; lastKnownFileType = file; path = "Oswald-Regular.ttf"; sourceTree = "<group>"; };
		39FEB0F8257A3D2A00204332 /* Oswald-SemiBold.ttf */ = {isa = PBXFileReference; lastKnownFileType = file; path = "Oswald-SemiBold.ttf"; sourceTree = "<group>"; };
		39FEB0F9257A3D2A00204332 /* Oswald-ExtraLight.ttf */ = {isa = PBXFileReference; lastKnownFileType = file; path = "Oswald-ExtraLight.ttf"; sourceTree = "<group>"; };
		39FEB0FA257A3D2A00204332 /* Oswald-Medium.ttf */ = {isa = PBXFileReference; lastKnownFileType = file; path = "Oswald-Medium.ttf"; sourceTree = "<group>"; };
		39FEB0FB257A3D2A00204332 /* Oswald-Light.ttf */ = {isa = PBXFileReference; lastKnownFileType = file; path = "Oswald-Light.ttf"; sourceTree = "<group>"; };
		39FEB0FC257A3D2A00204332 /* Oswald-Bold.ttf */ = {isa = PBXFileReference; lastKnownFileType = file; path = "Oswald-Bold.ttf"; sourceTree = "<group>"; };
		39FEB106257A3FB900204332 /* MessageBarView.swift */ = {isa = PBXFileReference; lastKnownFileType = sourcecode.swift; path = MessageBarView.swift; sourceTree = "<group>"; };
		39FEB10B257A400E00204332 /* MessageBus.swift */ = {isa = PBXFileReference; lastKnownFileType = sourcecode.swift; path = MessageBus.swift; sourceTree = "<group>"; };
		39FEB10E257A42C700204332 /* PortraitHostingController.swift */ = {isa = PBXFileReference; lastKnownFileType = sourcecode.swift; path = PortraitHostingController.swift; sourceTree = "<group>"; };
		39FEB114257A47AD00204332 /* UIFont+Extensions.swift */ = {isa = PBXFileReference; lastKnownFileType = sourcecode.swift; path = "UIFont+Extensions.swift"; sourceTree = "<group>"; };
		39FEB117257A48E800204332 /* UIColor+Extensions.swift */ = {isa = PBXFileReference; lastKnownFileType = sourcecode.swift; path = "UIColor+Extensions.swift"; sourceTree = "<group>"; };
/* End PBXFileReference section */

/* Begin PBXFrameworksBuildPhase section */
		3995600625793821008D9C32 /* Frameworks */ = {
			isa = PBXFrameworksBuildPhase;
			buildActionMask = 2147483647;
			files = (
				3943DD4F257F8E5700A5737D /* KingfisherSwiftUI in Frameworks */,
				3943DD4D257F8E5700A5737D /* Kingfisher in Frameworks */,
				39F5C48F257E676D0063ED76 /* Apollo in Frameworks */,
			);
			runOnlyForDeploymentPostprocessing = 0;
		};
/* End PBXFrameworksBuildPhase section */

/* Begin PBXGroup section */
		3943DD27257F7AED00A5737D /* Protocols */ = {
			isa = PBXGroup;
			children = (
				3943DD28257F7B0300A5737D /* CardPaginatable.swift */,
				3943DD2C257F7BAD00A5737D /* CardDisplayable.swift */,
				39A9648225821CEB0023E5A4 /* DeckPaginatable.swift */,
				39A9648525821D0E0023E5A4 /* DeckDisplayable.swift */,
			);
			path = Protocols;
			sourceTree = "<group>";
		};
		3995600025793821008D9C32 = {
			isa = PBXGroup;
			children = (
				3995600B25793821008D9C32 /* Kards-iOS */,
				3995600A25793821008D9C32 /* Products */,
			);
			sourceTree = "<group>";
		};
		3995600A25793821008D9C32 /* Products */ = {
			isa = PBXGroup;
			children = (
				3995600925793821008D9C32 /* Kards-iOS.app */,
			);
			name = Products;
			sourceTree = "<group>";
		};
		3995600B25793821008D9C32 /* Kards-iOS */ = {
			isa = PBXGroup;
			children = (
				39FEB0EA257A396300204332 /* Style Guide */,
				39FEB0B7257A217C00204332 /* Application */,
				39FEB0BD257A221C00204332 /* Constants */,
				39FEB0B6257A214300204332 /* Coordinators */,
				39FEB0BA257A21DB00204332 /* Core Additions */,
				39FEB0D6257A2C9000204332 /* Data */,
				39FEB0B4257A20C100204332 /* Modules */,
				39FEB0BC257A220600204332 /* Networking */,
				3995601425793823008D9C32 /* Preview Content */,
				39FEB0B0257A1E2400204332 /* Resources */,
			);
			path = "Kards-iOS";
			sourceTree = "<group>";
		};
		3995601425793823008D9C32 /* Preview Content */ = {
			isa = PBXGroup;
			children = (
				3995601525793823008D9C32 /* Preview Assets.xcassets */,
			);
			path = "Preview Content";
			sourceTree = "<group>";
		};
		39A9647D258217460023E5A4 /* Decks */ = {
			isa = PBXGroup;
			children = (
				39A9647E258217790023E5A4 /* DeckListView.swift */,
				39A9648E25821FD80023E5A4 /* DeckViewModel.swift */,
				39A964952582280C0023E5A4 /* DeckItemView.swift */,
				39A964A0258267820023E5A4 /* DeckDetailsView.swift */,
			);
			path = Decks;
			sourceTree = "<group>";
		};
		39A96498258259DD0023E5A4 /* Model */ = {
			isa = PBXGroup;
			children = (
				39A96499258259EE0023E5A4 /* Nation.swift */,
			);
			path = Model;
			sourceTree = "<group>";
		};
		39F5C4A3257E80F90063ED76 /* Graphql */ = {
			isa = PBXGroup;
			children = (
				3943DD65257FC7A300A5737D /* GraphQLAPI.swift */,
			);
			path = Graphql;
			sourceTree = "<group>";
		};
		39FEB0B0257A1E2400204332 /* Resources */ = {
			isa = PBXGroup;
			children = (
				39FEB0F5257A3CF200204332 /* Fonts */,
				3995601225793823008D9C32 /* Assets.xcassets */,
				3995601A25793823008D9C32 /* Info.plist */,
			);
			path = Resources;
			sourceTree = "<group>";
		};
		39FEB0B4257A20C100204332 /* Modules */ = {
			isa = PBXGroup;
			children = (
				39FEB0B5257A20ED00204332 /* App Root */,
				39FEB0C1257A29B200204332 /* Cards Collection */,
				39A9647D258217460023E5A4 /* Decks */,
				39FEB0C3257A29D600204332 /* News List */,
				3995600E25793821008D9C32 /* SceneDelegate.swift */,
				39FEB0E5257A33E300204332 /* Shared */,
				39FEB111257A433D00204332 /* Splash */,
			);
			path = Modules;
			sourceTree = "<group>";
		};
		39FEB0B5257A20ED00204332 /* App Root */ = {
			isa = PBXGroup;
			children = (
				3995601025793821008D9C32 /* ContentView.swift */,
				39FEB0D8257A2CCE00204332 /* TabNavView.swift */,
				39FEB0DC257A2DC500204332 /* TabViewModel.swift */,
			);
			path = "App Root";
			sourceTree = "<group>";
		};
		39FEB0B6257A214300204332 /* Coordinators */ = {
			isa = PBXGroup;
			children = (
			);
			path = Coordinators;
			sourceTree = "<group>";
		};
		39FEB0B7257A217C00204332 /* Application */ = {
			isa = PBXGroup;
			children = (
				3995600C25793821008D9C32 /* AppDelegate.swift */,
			);
			path = Application;
			sourceTree = "<group>";
		};
		39FEB0B9257A21C700204332 /* Services */ = {
			isa = PBXGroup;
			children = (
				39F5C492257E6A360063ED76 /* Service.swift */,
				39F5C495257E6AB30063ED76 /* CardListService.swift */,
				39A9648B25821EE30023E5A4 /* DeckListService.swift */,
			);
			path = Services;
			sourceTree = "<group>";
		};
		39FEB0BA257A21DB00204332 /* Core Additions */ = {
			isa = PBXGroup;
			children = (
				39FEB10A257A3FF400204332 /* Utilities */,
				39FEB0DF257A2E9100204332 /* Extensions */,
			);
			path = "Core Additions";
			sourceTree = "<group>";
		};
		39FEB0BC257A220600204332 /* Networking */ = {
			isa = PBXGroup;
			children = (
				39F5C4A3257E80F90063ED76 /* Graphql */,
				39FEB0B9257A21C700204332 /* Services */,
				39F5C489257E65A40063ED76 /* KardsAPI.swift */,
				3943DD68257FCBE300A5737D /* KardsEnvironment.swift */,
			);
			path = Networking;
			sourceTree = "<group>";
		};
		39FEB0BD257A221C00204332 /* Constants */ = {
			isa = PBXGroup;
			children = (
				39FEB0E0257A2ED100204332 /* Constants.swift */,
			);
			path = Constants;
			sourceTree = "<group>";
		};
		39FEB0C1257A29B200204332 /* Cards Collection */ = {
			isa = PBXGroup;
			children = (
				39FEB0CD257A2A3600204332 /* CardsCollectionView.swift */,
				3943DD22257F698B00A5737D /* CardViewModel.swift */,
				3943DD48257F8A8900A5737D /* CardListView.swift */,
				39BBCC012580D0E400244A2F /* CardDetailsView.swift */,
			);
			path = "Cards Collection";
			sourceTree = "<group>";
		};
		39FEB0C3257A29D600204332 /* News List */ = {
			isa = PBXGroup;
			children = (
				39FEB0C8257A2A1200204332 /* NewsListView.swift */,
			);
			path = "News List";
			sourceTree = "<group>";
		};
		39FEB0D6257A2C9000204332 /* Data */ = {
			isa = PBXGroup;
			children = (
				39A96498258259DD0023E5A4 /* Model */,
				3943DD27257F7AED00A5737D /* Protocols */,
				39FEB0D7257A2C9800204332 /* Repositories */,
				3943DD2F257F7C4900A5737D /* DataState.swift */,
				3943DD61257FC37300A5737D /* DataManager.swift */,
			);
			path = Data;
			sourceTree = "<group>";
		};
		39FEB0D7257A2C9800204332 /* Repositories */ = {
			isa = PBXGroup;
			children = (
				3943DD33257F7C9E00A5737D /* CardListRepository.swift */,
				39A9648825821E960023E5A4 /* DeckListRepository.swift */,
			);
			path = Repositories;
			sourceTree = "<group>";
		};
		39FEB0DF257A2E9100204332 /* Extensions */ = {
			isa = PBXGroup;
			children = (
				39FEB10E257A42C700204332 /* PortraitHostingController.swift */,
				39A9649D2582617B0023E5A4 /* Date+Extensions.swift */,
			);
			path = Extensions;
			sourceTree = "<group>";
		};
		39FEB0E5257A33E300204332 /* Shared */ = {
			isa = PBXGroup;
			children = (
				39FEB0E6257A340B00204332 /* SnackbarView.swift */,
				39FEB106257A3FB900204332 /* MessageBarView.swift */,
				3943DD51257F8EC100A5737D /* LoadingView.swift */,
				3943DD54257F8F0700A5737D /* ActivityIndicator.swift */,
				3943DD57257F8FD800A5737D /* NoResultsView.swift */,
				3943DD5B257FB77F00A5737D /* ReloadView.swift */,
				3943DD5E257FB9E900A5737D /* MainButtonView.swift */,
				39BBCBFE2580C17B00244A2F /* LoadMoreView.swift */,
				39BBCC072580D5CF00244A2F /* CardImageView.swift */,
				39BBCC0B2581044400244A2F /* BackgroundView.swift */,
				39BBCC12258111AB00244A2F /* CloseView.swift */,
				398E7480258366D900D9B058 /* ClosableView.swift */,
			);
			path = Shared;
			sourceTree = "<group>";
		};
		39FEB0EA257A396300204332 /* Style Guide */ = {
			isa = PBXGroup;
			children = (
				39FEB0EB257A3A4500204332 /* Color+Extensions.swift */,
				39FEB0EF257A3A5A00204332 /* Image+Extensions.swift */,
				39FEB0F2257A3C5000204332 /* Font+Extensions.swift */,
				39FEB114257A47AD00204332 /* UIFont+Extensions.swift */,
				39FEB117257A48E800204332 /* UIColor+Extensions.swift */,
			);
			path = "Style Guide";
			sourceTree = "<group>";
		};
		39FEB0F5257A3CF200204332 /* Fonts */ = {
			isa = PBXGroup;
			children = (
				39FEB0F6257A3D0000204332 /* Oswald */,
			);
			path = Fonts;
			sourceTree = "<group>";
		};
		39FEB0F6257A3D0000204332 /* Oswald */ = {
			isa = PBXGroup;
			children = (
				39FEB0FC257A3D2A00204332 /* Oswald-Bold.ttf */,
				39FEB0F9257A3D2A00204332 /* Oswald-ExtraLight.ttf */,
				39FEB0FB257A3D2A00204332 /* Oswald-Light.ttf */,
				39FEB0FA257A3D2A00204332 /* Oswald-Medium.ttf */,
				39FEB0F7257A3D2900204332 /* Oswald-Regular.ttf */,
				39FEB0F8257A3D2A00204332 /* Oswald-SemiBold.ttf */,
			);
			path = Oswald;
			sourceTree = "<group>";
		};
		39FEB10A257A3FF400204332 /* Utilities */ = {
			isa = PBXGroup;
			children = (
				39FEB10B257A400E00204332 /* MessageBus.swift */,
			);
			path = Utilities;
			sourceTree = "<group>";
		};
		39FEB111257A433D00204332 /* Splash */ = {
			isa = PBXGroup;
			children = (
				3995601725793823008D9C32 /* LaunchScreen.storyboard */,
			);
			path = Splash;
			sourceTree = "<group>";
		};
/* End PBXGroup section */

/* Begin PBXNativeTarget section */
		3995600825793821008D9C32 /* Kards-iOS */ = {
			isa = PBXNativeTarget;
			buildConfigurationList = 3995601D25793823008D9C32 /* Build configuration list for PBXNativeTarget "Kards-iOS" */;
			buildPhases = (
				3995600525793821008D9C32 /* Sources */,
				3995600625793821008D9C32 /* Frameworks */,
				3995600725793821008D9C32 /* Resources */,
				39F5C498257E71750063ED76 /* ShellScript */,
			);
			buildRules = (
			);
			dependencies = (
			);
			name = "Kards-iOS";
			packageProductDependencies = (
				39F5C48E257E676D0063ED76 /* Apollo */,
				3943DD4C257F8E5700A5737D /* Kingfisher */,
				3943DD4E257F8E5700A5737D /* KingfisherSwiftUI */,
			);
			productName = "Kards-iOS";
			productReference = 3995600925793821008D9C32 /* Kards-iOS.app */;
			productType = "com.apple.product-type.application";
		};
/* End PBXNativeTarget section */

/* Begin PBXProject section */
		3995600125793821008D9C32 /* Project object */ = {
			isa = PBXProject;
			attributes = {
				LastSwiftUpdateCheck = 1200;
				LastUpgradeCheck = 1200;
				TargetAttributes = {
					3995600825793821008D9C32 = {
						CreatedOnToolsVersion = 12.0;
					};
				};
			};
			buildConfigurationList = 3995600425793821008D9C32 /* Build configuration list for PBXProject "Kards-iOS" */;
			compatibilityVersion = "Xcode 9.3";
			developmentRegion = en;
			hasScannedForEncodings = 0;
			knownRegions = (
				en,
				Base,
			);
			mainGroup = 3995600025793821008D9C32;
			packageReferences = (
				39F5C48D257E676D0063ED76 /* XCRemoteSwiftPackageReference "apollo-ios" */,
				3943DD4B257F8E5700A5737D /* XCRemoteSwiftPackageReference "Kingfisher" */,
			);
			productRefGroup = 3995600A25793821008D9C32 /* Products */;
			projectDirPath = "";
			projectRoot = "";
			targets = (
				3995600825793821008D9C32 /* Kards-iOS */,
			);
		};
/* End PBXProject section */

/* Begin PBXResourcesBuildPhase section */
		3995600725793821008D9C32 /* Resources */ = {
			isa = PBXResourcesBuildPhase;
			buildActionMask = 2147483647;
			files = (
				3995601925793823008D9C32 /* LaunchScreen.storyboard in Resources */,
				39FEB0FE257A3D2A00204332 /* Oswald-SemiBold.ttf in Resources */,
				39FEB0FF257A3D2A00204332 /* Oswald-ExtraLight.ttf in Resources */,
				39FEB101257A3D2A00204332 /* Oswald-Light.ttf in Resources */,
				39FEB100257A3D2A00204332 /* Oswald-Medium.ttf in Resources */,
				39FEB102257A3D2A00204332 /* Oswald-Bold.ttf in Resources */,
				3995601625793823008D9C32 /* Preview Assets.xcassets in Resources */,
				3995601325793823008D9C32 /* Assets.xcassets in Resources */,
				39FEB0FD257A3D2A00204332 /* Oswald-Regular.ttf in Resources */,
			);
			runOnlyForDeploymentPostprocessing = 0;
		};
/* End PBXResourcesBuildPhase section */

/* Begin PBXShellScriptBuildPhase section */
		39F5C498257E71750063ED76 /* ShellScript */ = {
			isa = PBXShellScriptBuildPhase;
			buildActionMask = 2147483647;
			files = (
			);
			inputFileListPaths = (
			);
			inputPaths = (
			);
			outputFileListPaths = (
			);
			outputPaths = (
			);
			runOnlyForDeploymentPostprocessing = 0;
			shellPath = /bin/sh;
			shellScript = "# Type a script or drag a script file from your workspace to insert its path.\ncd \"${SRCROOT}\"/Codegen\nxcrun -sdk macosx swift run\n";
		};
/* End PBXShellScriptBuildPhase section */

/* Begin PBXSourcesBuildPhase section */
		3995600525793821008D9C32 /* Sources */ = {
			isa = PBXSourcesBuildPhase;
			buildActionMask = 2147483647;
			files = (
				3943DD29257F7B0300A5737D /* CardPaginatable.swift in Sources */,
				39F5C48A257E65A40063ED76 /* KardsAPI.swift in Sources */,
				39F5C493257E6A360063ED76 /* Service.swift in Sources */,
				3943DD2D257F7BAD00A5737D /* CardDisplayable.swift in Sources */,
				3995600D25793821008D9C32 /* AppDelegate.swift in Sources */,
				3943DD30257F7C4900A5737D /* DataState.swift in Sources */,
				39FEB0E7257A340B00204332 /* SnackbarView.swift in Sources */,
				398E7481258366D900D9B058 /* ClosableView.swift in Sources */,
				39A9648325821CEB0023E5A4 /* DeckPaginatable.swift in Sources */,
				39A9649E2582617B0023E5A4 /* Date+Extensions.swift in Sources */,
				39A9648925821E960023E5A4 /* DeckListRepository.swift in Sources */,
				39FEB0E1257A2ED100204332 /* Constants.swift in Sources */,
				39FEB0F0257A3A5A00204332 /* Image+Extensions.swift in Sources */,
				39A9648625821D0E0023E5A4 /* DeckDisplayable.swift in Sources */,
				39FEB107257A3FB900204332 /* MessageBarView.swift in Sources */,
				39BBCC0C2581044400244A2F /* BackgroundView.swift in Sources */,
				39BBCC13258111AB00244A2F /* CloseView.swift in Sources */,
				3943DD5C257FB77F00A5737D /* ReloadView.swift in Sources */,
				3943DD23257F698B00A5737D /* CardViewModel.swift in Sources */,
				39FEB0D9257A2CCE00204332 /* TabNavView.swift in Sources */,
				39F5C496257E6AB30063ED76 /* CardListService.swift in Sources */,
				39A9648C25821EE30023E5A4 /* DeckListService.swift in Sources */,
				39A9647F258217790023E5A4 /* DeckListView.swift in Sources */,
				39FEB0CE257A2A3600204332 /* CardsCollectionView.swift in Sources */,
				39BBCBFF2580C17B00244A2F /* LoadMoreView.swift in Sources */,
				39FEB0DD257A2DC500204332 /* TabViewModel.swift in Sources */,
				3943DD58257F8FD800A5737D /* NoResultsView.swift in Sources */,
				39FEB115257A47AD00204332 /* UIFont+Extensions.swift in Sources */,
				39FEB0EC257A3A4500204332 /* Color+Extensions.swift in Sources */,
				39FEB118257A48E800204332 /* UIColor+Extensions.swift in Sources */,
				3995600F25793821008D9C32 /* SceneDelegate.swift in Sources */,
				3943DD49257F8A8900A5737D /* CardListView.swift in Sources */,
				39A9648F25821FD80023E5A4 /* DeckViewModel.swift in Sources */,
				39FEB10C257A400E00204332 /* MessageBus.swift in Sources */,
				39FEB0F3257A3C5000204332 /* Font+Extensions.swift in Sources */,
				39FEB0C9257A2A1200204332 /* NewsListView.swift in Sources */,
				39A964962582280C0023E5A4 /* DeckItemView.swift in Sources */,
				3943DD69257FCBE300A5737D /* KardsEnvironment.swift in Sources */,
				39BBCC082580D5CF00244A2F /* CardImageView.swift in Sources */,
				3943DD34257F7C9E00A5737D /* CardListRepository.swift in Sources */,
				3943DD55257F8F0700A5737D /* ActivityIndicator.swift in Sources */,
				39A9649A258259EE0023E5A4 /* Nation.swift in Sources */,
				3995601125793821008D9C32 /* ContentView.swift in Sources */,
				3943DD62257FC37300A5737D /* DataManager.swift in Sources */,
				3943DD66257FC7A300A5737D /* GraphQLAPI.swift in Sources */,
				3943DD52257F8EC100A5737D /* LoadingView.swift in Sources */,
				39A964A1258267820023E5A4 /* DeckDetailsView.swift in Sources */,
				39BBCC022580D0E400244A2F /* CardDetailsView.swift in Sources */,
				39FEB10F257A42C700204332 /* PortraitHostingController.swift in Sources */,
				3943DD5F257FB9E900A5737D /* MainButtonView.swift in Sources */,
			);
			runOnlyForDeploymentPostprocessing = 0;
		};
/* End PBXSourcesBuildPhase section */

/* Begin PBXVariantGroup section */
		3995601725793823008D9C32 /* LaunchScreen.storyboard */ = {
			isa = PBXVariantGroup;
			children = (
				3995601825793823008D9C32 /* Base */,
			);
			name = LaunchScreen.storyboard;
			sourceTree = "<group>";
		};
/* End PBXVariantGroup section */

/* Begin XCBuildConfiguration section */
		3995601B25793823008D9C32 /* Debug */ = {
			isa = XCBuildConfiguration;
			buildSettings = {
				ALWAYS_SEARCH_USER_PATHS = NO;
				CLANG_ANALYZER_NONNULL = YES;
				CLANG_ANALYZER_NUMBER_OBJECT_CONVERSION = YES_AGGRESSIVE;
				CLANG_CXX_LANGUAGE_STANDARD = "gnu++14";
				CLANG_CXX_LIBRARY = "libc++";
				CLANG_ENABLE_MODULES = YES;
				CLANG_ENABLE_OBJC_ARC = YES;
				CLANG_ENABLE_OBJC_WEAK = YES;
				CLANG_WARN_BLOCK_CAPTURE_AUTORELEASING = YES;
				CLANG_WARN_BOOL_CONVERSION = YES;
				CLANG_WARN_COMMA = YES;
				CLANG_WARN_CONSTANT_CONVERSION = YES;
				CLANG_WARN_DEPRECATED_OBJC_IMPLEMENTATIONS = YES;
				CLANG_WARN_DIRECT_OBJC_ISA_USAGE = YES_ERROR;
				CLANG_WARN_DOCUMENTATION_COMMENTS = YES;
				CLANG_WARN_EMPTY_BODY = YES;
				CLANG_WARN_ENUM_CONVERSION = YES;
				CLANG_WARN_INFINITE_RECURSION = YES;
				CLANG_WARN_INT_CONVERSION = YES;
				CLANG_WARN_NON_LITERAL_NULL_CONVERSION = YES;
				CLANG_WARN_OBJC_IMPLICIT_RETAIN_SELF = YES;
				CLANG_WARN_OBJC_LITERAL_CONVERSION = YES;
				CLANG_WARN_OBJC_ROOT_CLASS = YES_ERROR;
				CLANG_WARN_QUOTED_INCLUDE_IN_FRAMEWORK_HEADER = YES;
				CLANG_WARN_RANGE_LOOP_ANALYSIS = YES;
				CLANG_WARN_STRICT_PROTOTYPES = YES;
				CLANG_WARN_SUSPICIOUS_MOVE = YES;
				CLANG_WARN_UNGUARDED_AVAILABILITY = YES_AGGRESSIVE;
				CLANG_WARN_UNREACHABLE_CODE = YES;
				CLANG_WARN__DUPLICATE_METHOD_MATCH = YES;
				COPY_PHASE_STRIP = NO;
				DEBUG_INFORMATION_FORMAT = dwarf;
				ENABLE_STRICT_OBJC_MSGSEND = YES;
				ENABLE_TESTABILITY = YES;
				GCC_C_LANGUAGE_STANDARD = gnu11;
				GCC_DYNAMIC_NO_PIC = NO;
				GCC_NO_COMMON_BLOCKS = YES;
				GCC_OPTIMIZATION_LEVEL = 0;
				GCC_PREPROCESSOR_DEFINITIONS = (
					"DEBUG=1",
					"$(inherited)",
				);
				GCC_WARN_64_TO_32_BIT_CONVERSION = YES;
				GCC_WARN_ABOUT_RETURN_TYPE = YES_ERROR;
				GCC_WARN_UNDECLARED_SELECTOR = YES;
				GCC_WARN_UNINITIALIZED_AUTOS = YES_AGGRESSIVE;
				GCC_WARN_UNUSED_FUNCTION = YES;
				GCC_WARN_UNUSED_VARIABLE = YES;
				IPHONEOS_DEPLOYMENT_TARGET = 14.0;
				MTL_ENABLE_DEBUG_INFO = INCLUDE_SOURCE;
				MTL_FAST_MATH = YES;
				ONLY_ACTIVE_ARCH = YES;
				SDKROOT = iphoneos;
				SWIFT_ACTIVE_COMPILATION_CONDITIONS = DEBUG;
				SWIFT_OPTIMIZATION_LEVEL = "-Onone";
			};
			name = Debug;
		};
		3995601C25793823008D9C32 /* Release */ = {
			isa = XCBuildConfiguration;
			buildSettings = {
				ALWAYS_SEARCH_USER_PATHS = NO;
				CLANG_ANALYZER_NONNULL = YES;
				CLANG_ANALYZER_NUMBER_OBJECT_CONVERSION = YES_AGGRESSIVE;
				CLANG_CXX_LANGUAGE_STANDARD = "gnu++14";
				CLANG_CXX_LIBRARY = "libc++";
				CLANG_ENABLE_MODULES = YES;
				CLANG_ENABLE_OBJC_ARC = YES;
				CLANG_ENABLE_OBJC_WEAK = YES;
				CLANG_WARN_BLOCK_CAPTURE_AUTORELEASING = YES;
				CLANG_WARN_BOOL_CONVERSION = YES;
				CLANG_WARN_COMMA = YES;
				CLANG_WARN_CONSTANT_CONVERSION = YES;
				CLANG_WARN_DEPRECATED_OBJC_IMPLEMENTATIONS = YES;
				CLANG_WARN_DIRECT_OBJC_ISA_USAGE = YES_ERROR;
				CLANG_WARN_DOCUMENTATION_COMMENTS = YES;
				CLANG_WARN_EMPTY_BODY = YES;
				CLANG_WARN_ENUM_CONVERSION = YES;
				CLANG_WARN_INFINITE_RECURSION = YES;
				CLANG_WARN_INT_CONVERSION = YES;
				CLANG_WARN_NON_LITERAL_NULL_CONVERSION = YES;
				CLANG_WARN_OBJC_IMPLICIT_RETAIN_SELF = YES;
				CLANG_WARN_OBJC_LITERAL_CONVERSION = YES;
				CLANG_WARN_OBJC_ROOT_CLASS = YES_ERROR;
				CLANG_WARN_QUOTED_INCLUDE_IN_FRAMEWORK_HEADER = YES;
				CLANG_WARN_RANGE_LOOP_ANALYSIS = YES;
				CLANG_WARN_STRICT_PROTOTYPES = YES;
				CLANG_WARN_SUSPICIOUS_MOVE = YES;
				CLANG_WARN_UNGUARDED_AVAILABILITY = YES_AGGRESSIVE;
				CLANG_WARN_UNREACHABLE_CODE = YES;
				CLANG_WARN__DUPLICATE_METHOD_MATCH = YES;
				COPY_PHASE_STRIP = NO;
				DEBUG_INFORMATION_FORMAT = "dwarf-with-dsym";
				ENABLE_NS_ASSERTIONS = NO;
				ENABLE_STRICT_OBJC_MSGSEND = YES;
				GCC_C_LANGUAGE_STANDARD = gnu11;
				GCC_NO_COMMON_BLOCKS = YES;
				GCC_WARN_64_TO_32_BIT_CONVERSION = YES;
				GCC_WARN_ABOUT_RETURN_TYPE = YES_ERROR;
				GCC_WARN_UNDECLARED_SELECTOR = YES;
				GCC_WARN_UNINITIALIZED_AUTOS = YES_AGGRESSIVE;
				GCC_WARN_UNUSED_FUNCTION = YES;
				GCC_WARN_UNUSED_VARIABLE = YES;
				IPHONEOS_DEPLOYMENT_TARGET = 14.0;
				MTL_ENABLE_DEBUG_INFO = NO;
				MTL_FAST_MATH = YES;
				SDKROOT = iphoneos;
				SWIFT_COMPILATION_MODE = wholemodule;
				SWIFT_OPTIMIZATION_LEVEL = "-O";
				VALIDATE_PRODUCT = YES;
			};
			name = Release;
		};
		3995601E25793823008D9C32 /* Debug */ = {
			isa = XCBuildConfiguration;
			buildSettings = {
				ASSETCATALOG_COMPILER_APPICON_NAME = AppIcon;
				ASSETCATALOG_COMPILER_GLOBAL_ACCENT_COLOR_NAME = AccentColor;
				CODE_SIGN_STYLE = Automatic;
				DEVELOPMENT_ASSET_PATHS = "\"Kards-iOS/Preview Content\"";
				ENABLE_PREVIEWS = YES;
				INFOPLIST_FILE = "Kards-iOS/Resources/Info.plist";
				IPHONEOS_DEPLOYMENT_TARGET = 14.0;
				LD_RUNPATH_SEARCH_PATHS = (
					"$(inherited)",
					"@executable_path/Frameworks",
				);
				PRODUCT_BUNDLE_IDENTIFIER = "com.matthiaslapierre.Kards-iOS";
				PRODUCT_NAME = "$(TARGET_NAME)";
				SWIFT_VERSION = 5.0;
				TARGETED_DEVICE_FAMILY = "1,2";
			};
			name = Debug;
		};
		3995601F25793823008D9C32 /* Release */ = {
			isa = XCBuildConfiguration;
			buildSettings = {
				ASSETCATALOG_COMPILER_APPICON_NAME = AppIcon;
				ASSETCATALOG_COMPILER_GLOBAL_ACCENT_COLOR_NAME = AccentColor;
				CODE_SIGN_STYLE = Automatic;
				DEVELOPMENT_ASSET_PATHS = "\"Kards-iOS/Preview Content\"";
				ENABLE_PREVIEWS = YES;
				INFOPLIST_FILE = "Kards-iOS/Resources/Info.plist";
				IPHONEOS_DEPLOYMENT_TARGET = 14.0;
				LD_RUNPATH_SEARCH_PATHS = (
					"$(inherited)",
					"@executable_path/Frameworks",
				);
				PRODUCT_BUNDLE_IDENTIFIER = "com.matthiaslapierre.Kards-iOS";
				PRODUCT_NAME = "$(TARGET_NAME)";
				SWIFT_VERSION = 5.0;
				TARGETED_DEVICE_FAMILY = "1,2";
			};
			name = Release;
		};
/* End XCBuildConfiguration section */

/* Begin XCConfigurationList section */
		3995600425793821008D9C32 /* Build configuration list for PBXProject "Kards-iOS" */ = {
			isa = XCConfigurationList;
			buildConfigurations = (
				3995601B25793823008D9C32 /* Debug */,
				3995601C25793823008D9C32 /* Release */,
			);
			defaultConfigurationIsVisible = 0;
			defaultConfigurationName = Release;
		};
		3995601D25793823008D9C32 /* Build configuration list for PBXNativeTarget "Kards-iOS" */ = {
			isa = XCConfigurationList;
			buildConfigurations = (
				3995601E25793823008D9C32 /* Debug */,
				3995601F25793823008D9C32 /* Release */,
			);
			defaultConfigurationIsVisible = 0;
			defaultConfigurationName = Release;
		};
/* End XCConfigurationList section */

/* Begin XCRemoteSwiftPackageReference section */
		3943DD4B257F8E5700A5737D /* XCRemoteSwiftPackageReference "Kingfisher" */ = {
			isa = XCRemoteSwiftPackageReference;
			repositoryURL = "https://github.com/onevcat/Kingfisher";
			requirement = {
				kind = upToNextMinorVersion;
				minimumVersion = 5.15.8;
			};
		};
		39F5C48D257E676D0063ED76 /* XCRemoteSwiftPackageReference "apollo-ios" */ = {
			isa = XCRemoteSwiftPackageReference;
			repositoryURL = "https://github.com/apollographql/apollo-ios.git";
			requirement = {
				kind = upToNextMinorVersion;
				minimumVersion = 0.38.2;
			};
		};
/* End XCRemoteSwiftPackageReference section */

/* Begin XCSwiftPackageProductDependency section */
		3943DD4C257F8E5700A5737D /* Kingfisher */ = {
			isa = XCSwiftPackageProductDependency;
			package = 3943DD4B257F8E5700A5737D /* XCRemoteSwiftPackageReference "Kingfisher" */;
			productName = Kingfisher;
		};
		3943DD4E257F8E5700A5737D /* KingfisherSwiftUI */ = {
			isa = XCSwiftPackageProductDependency;
			package = 3943DD4B257F8E5700A5737D /* XCRemoteSwiftPackageReference "Kingfisher" */;
			productName = KingfisherSwiftUI;
		};
		39F5C48E257E676D0063ED76 /* Apollo */ = {
			isa = XCSwiftPackageProductDependency;
			package = 39F5C48D257E676D0063ED76 /* XCRemoteSwiftPackageReference "apollo-ios" */;
			productName = Apollo;
		};
/* End XCSwiftPackageProductDependency section */
	};
	rootObject = 3995600125793821008D9C32 /* Project object */;
}
